// !$*UTF8*$!
{
	archiveVersion = 1;
	classes = {
	};
	objectVersion = 50;
	objects = {

/* Begin PBXBuildFile section */
		4FA54F4A26CA1CD300C6AC2A /* Declayout.framework in Frameworks */ = {isa = PBXBuildFile; fileRef = 4FA54F4026CA1CD300C6AC2A /* Declayout.framework */; };
		4FA54F4F26CA1CD300C6AC2A /* DeclayoutTests.swift in Sources */ = {isa = PBXBuildFile; fileRef = 4FA54F4E26CA1CD300C6AC2A /* DeclayoutTests.swift */; };
		4FA54F6126CA1D6900C6AC2A /* AppDelegate.swift in Sources */ = {isa = PBXBuildFile; fileRef = 4FA54F6026CA1D6900C6AC2A /* AppDelegate.swift */; };
		4FA54F6326CA1D6900C6AC2A /* SceneDelegate.swift in Sources */ = {isa = PBXBuildFile; fileRef = 4FA54F6226CA1D6900C6AC2A /* SceneDelegate.swift */; };
		4FA54F6526CA1D6900C6AC2A /* ViewController.swift in Sources */ = {isa = PBXBuildFile; fileRef = 4FA54F6426CA1D6900C6AC2A /* ViewController.swift */; };
		4FA54F6826CA1D6900C6AC2A /* Main.storyboard in Resources */ = {isa = PBXBuildFile; fileRef = 4FA54F6626CA1D6900C6AC2A /* Main.storyboard */; };
		4FA54F6A26CA1D6A00C6AC2A /* Assets.xcassets in Resources */ = {isa = PBXBuildFile; fileRef = 4FA54F6926CA1D6A00C6AC2A /* Assets.xcassets */; };
		4FA54F6D26CA1D6A00C6AC2A /* LaunchScreen.storyboard in Resources */ = {isa = PBXBuildFile; fileRef = 4FA54F6B26CA1D6A00C6AC2A /* LaunchScreen.storyboard */; };
		4FA54F7326CA1FD200C6AC2A /* UIView+Constraintable.swift in Sources */ = {isa = PBXBuildFile; fileRef = 4FA54F7226CA1FD200C6AC2A /* UIView+Constraintable.swift */; };
		4FA54F7526CA203E00C6AC2A /* UIView+Dimension.swift in Sources */ = {isa = PBXBuildFile; fileRef = 4FA54F7426CA203E00C6AC2A /* UIView+Dimension.swift */; };
		4FA54F7726CA207200C6AC2A /* UIView+Spacing.swift in Sources */ = {isa = PBXBuildFile; fileRef = 4FA54F7626CA207200C6AC2A /* UIView+Spacing.swift */; };
		4FA54F7926CA209900C6AC2A /* UIView+Center.swift in Sources */ = {isa = PBXBuildFile; fileRef = 4FA54F7826CA209900C6AC2A /* UIView+Center.swift */; };
		4FA54F7D26CA20F400C6AC2A /* Constraint.swift in Sources */ = {isa = PBXBuildFile; fileRef = 4FA54F7C26CA20F400C6AC2A /* Constraint.swift */; };
		4FA54F8226CA367900C6AC2A /* Declayout.framework in Frameworks */ = {isa = PBXBuildFile; fileRef = 4FA54F4026CA1CD300C6AC2A /* Declayout.framework */; };
		4FA54F8326CA367900C6AC2A /* Declayout.framework in Embed Frameworks */ = {isa = PBXBuildFile; fileRef = 4FA54F4026CA1CD300C6AC2A /* Declayout.framework */; settings = {ATTRIBUTES = (CodeSignOnCopy, RemoveHeadersOnCopy, ); }; };
/* End PBXBuildFile section */

/* Begin PBXContainerItemProxy section */
		4FA54F4B26CA1CD300C6AC2A /* PBXContainerItemProxy */ = {
			isa = PBXContainerItemProxy;
			containerPortal = 4FA54F3726CA1CD300C6AC2A /* Project object */;
			proxyType = 1;
			remoteGlobalIDString = 4FA54F3F26CA1CD300C6AC2A;
			remoteInfo = Declayout;
		};
		4FA54F8426CA367900C6AC2A /* PBXContainerItemProxy */ = {
			isa = PBXContainerItemProxy;
			containerPortal = 4FA54F3726CA1CD300C6AC2A /* Project object */;
			proxyType = 1;
			remoteGlobalIDString = 4FA54F3F26CA1CD300C6AC2A;
			remoteInfo = Declayout;
		};
/* End PBXContainerItemProxy section */

/* Begin PBXCopyFilesBuildPhase section */
		4FA54F8626CA367900C6AC2A /* Embed Frameworks */ = {
			isa = PBXCopyFilesBuildPhase;
			buildActionMask = 2147483647;
			dstPath = "";
			dstSubfolderSpec = 10;
			files = (
				4FA54F8326CA367900C6AC2A /* Declayout.framework in Embed Frameworks */,
			);
			name = "Embed Frameworks";
			runOnlyForDeploymentPostprocessing = 0;
		};
/* End PBXCopyFilesBuildPhase section */

/* Begin PBXFileReference section */
		4FA54F4026CA1CD300C6AC2A /* Declayout.framework */ = {isa = PBXFileReference; explicitFileType = wrapper.framework; includeInIndex = 0; path = Declayout.framework; sourceTree = BUILT_PRODUCTS_DIR; };
		4FA54F4426CA1CD300C6AC2A /* Info.plist */ = {isa = PBXFileReference; lastKnownFileType = text.plist.xml; path = Info.plist; sourceTree = "<group>"; };
		4FA54F4926CA1CD300C6AC2A /* DeclayoutTests.xctest */ = {isa = PBXFileReference; explicitFileType = wrapper.cfbundle; includeInIndex = 0; path = DeclayoutTests.xctest; sourceTree = BUILT_PRODUCTS_DIR; };
		4FA54F4E26CA1CD300C6AC2A /* DeclayoutTests.swift */ = {isa = PBXFileReference; lastKnownFileType = sourcecode.swift; path = DeclayoutTests.swift; sourceTree = "<group>"; };
		4FA54F5026CA1CD300C6AC2A /* Info.plist */ = {isa = PBXFileReference; lastKnownFileType = text.plist.xml; path = Info.plist; sourceTree = "<group>"; };
		4FA54F5E26CA1D6900C6AC2A /* Declayout-Example.app */ = {isa = PBXFileReference; explicitFileType = wrapper.application; includeInIndex = 0; path = "Declayout-Example.app"; sourceTree = BUILT_PRODUCTS_DIR; };
		4FA54F6026CA1D6900C6AC2A /* AppDelegate.swift */ = {isa = PBXFileReference; lastKnownFileType = sourcecode.swift; path = AppDelegate.swift; sourceTree = "<group>"; };
		4FA54F6226CA1D6900C6AC2A /* SceneDelegate.swift */ = {isa = PBXFileReference; lastKnownFileType = sourcecode.swift; path = SceneDelegate.swift; sourceTree = "<group>"; };
		4FA54F6426CA1D6900C6AC2A /* ViewController.swift */ = {isa = PBXFileReference; lastKnownFileType = sourcecode.swift; path = ViewController.swift; sourceTree = "<group>"; };
		4FA54F6726CA1D6900C6AC2A /* Base */ = {isa = PBXFileReference; lastKnownFileType = file.storyboard; name = Base; path = Base.lproj/Main.storyboard; sourceTree = "<group>"; };
		4FA54F6926CA1D6A00C6AC2A /* Assets.xcassets */ = {isa = PBXFileReference; lastKnownFileType = folder.assetcatalog; path = Assets.xcassets; sourceTree = "<group>"; };
		4FA54F6C26CA1D6A00C6AC2A /* Base */ = {isa = PBXFileReference; lastKnownFileType = file.storyboard; name = Base; path = Base.lproj/LaunchScreen.storyboard; sourceTree = "<group>"; };
		4FA54F6E26CA1D6A00C6AC2A /* Info.plist */ = {isa = PBXFileReference; lastKnownFileType = text.plist.xml; path = Info.plist; sourceTree = "<group>"; };
		4FA54F7226CA1FD200C6AC2A /* UIView+Constraintable.swift */ = {isa = PBXFileReference; lastKnownFileType = sourcecode.swift; path = "UIView+Constraintable.swift"; sourceTree = "<group>"; };
		4FA54F7426CA203E00C6AC2A /* UIView+Dimension.swift */ = {isa = PBXFileReference; lastKnownFileType = sourcecode.swift; path = "UIView+Dimension.swift"; sourceTree = "<group>"; };
		4FA54F7626CA207200C6AC2A /* UIView+Spacing.swift */ = {isa = PBXFileReference; lastKnownFileType = sourcecode.swift; path = "UIView+Spacing.swift"; sourceTree = "<group>"; };
		4FA54F7826CA209900C6AC2A /* UIView+Center.swift */ = {isa = PBXFileReference; lastKnownFileType = sourcecode.swift; path = "UIView+Center.swift"; sourceTree = "<group>"; };
		4FA54F7C26CA20F400C6AC2A /* Constraint.swift */ = {isa = PBXFileReference; lastKnownFileType = sourcecode.swift; path = Constraint.swift; sourceTree = "<group>"; };
/* End PBXFileReference section */

/* Begin PBXFrameworksBuildPhase section */
		4FA54F3D26CA1CD300C6AC2A /* Frameworks */ = {
			isa = PBXFrameworksBuildPhase;
			buildActionMask = 2147483647;
			files = (
			);
			runOnlyForDeploymentPostprocessing = 0;
		};
		4FA54F4626CA1CD300C6AC2A /* Frameworks */ = {
			isa = PBXFrameworksBuildPhase;
			buildActionMask = 2147483647;
			files = (
				4FA54F4A26CA1CD300C6AC2A /* Declayout.framework in Frameworks */,
			);
			runOnlyForDeploymentPostprocessing = 0;
		};
		4FA54F5B26CA1D6900C6AC2A /* Frameworks */ = {
			isa = PBXFrameworksBuildPhase;
			buildActionMask = 2147483647;
			files = (
				4FA54F8226CA367900C6AC2A /* Declayout.framework in Frameworks */,
			);
			runOnlyForDeploymentPostprocessing = 0;
		};
/* End PBXFrameworksBuildPhase section */

/* Begin PBXGroup section */
		4FA54F3626CA1CD300C6AC2A = {
			isa = PBXGroup;
			children = (
				4FA54F4226CA1CD300C6AC2A /* Declayout */,
				4FA54F4D26CA1CD300C6AC2A /* DeclayoutTests */,
				4FA54F5F26CA1D6900C6AC2A /* Declayout-Example */,
				4FA54F4126CA1CD300C6AC2A /* Products */,
				4FA54F8126CA367900C6AC2A /* Frameworks */,
			);
			sourceTree = "<group>";
		};
		4FA54F4126CA1CD300C6AC2A /* Products */ = {
			isa = PBXGroup;
			children = (
				4FA54F4026CA1CD300C6AC2A /* Declayout.framework */,
				4FA54F4926CA1CD300C6AC2A /* DeclayoutTests.xctest */,
				4FA54F5E26CA1D6900C6AC2A /* Declayout-Example.app */,
			);
			name = Products;
			sourceTree = "<group>";
		};
		4FA54F4226CA1CD300C6AC2A /* Declayout */ = {
			isa = PBXGroup;
			children = (
				4FA54F4426CA1CD300C6AC2A /* Info.plist */,
				4FA54F7E26CA210700C6AC2A /* Sources */,
			);
			path = Declayout;
			sourceTree = "<group>";
		};
		4FA54F4D26CA1CD300C6AC2A /* DeclayoutTests */ = {
			isa = PBXGroup;
			children = (
				4FA54F4E26CA1CD300C6AC2A /* DeclayoutTests.swift */,
				4FA54F5026CA1CD300C6AC2A /* Info.plist */,
			);
			path = DeclayoutTests;
			sourceTree = "<group>";
		};
		4FA54F5F26CA1D6900C6AC2A /* Declayout-Example */ = {
			isa = PBXGroup;
			children = (
				4FA54F6026CA1D6900C6AC2A /* AppDelegate.swift */,
				4FA54F6226CA1D6900C6AC2A /* SceneDelegate.swift */,
				4FA54F6426CA1D6900C6AC2A /* ViewController.swift */,
				4FA54F6626CA1D6900C6AC2A /* Main.storyboard */,
				4FA54F6926CA1D6A00C6AC2A /* Assets.xcassets */,
				4FA54F6B26CA1D6A00C6AC2A /* LaunchScreen.storyboard */,
				4FA54F6E26CA1D6A00C6AC2A /* Info.plist */,
			);
			path = "Declayout-Example";
			sourceTree = "<group>";
		};
		4FA54F7E26CA210700C6AC2A /* Sources */ = {
			isa = PBXGroup;
			children = (
				4FA54F7226CA1FD200C6AC2A /* UIView+Constraintable.swift */,
				4FA54F7426CA203E00C6AC2A /* UIView+Dimension.swift */,
				4FA54F7626CA207200C6AC2A /* UIView+Spacing.swift */,
				4FA54F7826CA209900C6AC2A /* UIView+Center.swift */,
				4FA54F7C26CA20F400C6AC2A /* Constraint.swift */,
			);
			path = Sources;
			sourceTree = "<group>";
		};
		4FA54F8126CA367900C6AC2A /* Frameworks */ = {
			isa = PBXGroup;
			children = (
			);
			name = Frameworks;
			sourceTree = "<group>";
		};
/* End PBXGroup section */

/* Begin PBXHeadersBuildPhase section */
		4FA54F3B26CA1CD300C6AC2A /* Headers */ = {
			isa = PBXHeadersBuildPhase;
			buildActionMask = 2147483647;
			files = (
			);
			runOnlyForDeploymentPostprocessing = 0;
		};
/* End PBXHeadersBuildPhase section */

/* Begin PBXNativeTarget section */
		4FA54F3F26CA1CD300C6AC2A /* Declayout */ = {
			isa = PBXNativeTarget;
			buildConfigurationList = 4FA54F5426CA1CD300C6AC2A /* Build configuration list for PBXNativeTarget "Declayout" */;
			buildPhases = (
				4FA54F3B26CA1CD300C6AC2A /* Headers */,
				4FA54F3C26CA1CD300C6AC2A /* Sources */,
				4FA54F3D26CA1CD300C6AC2A /* Frameworks */,
				4FA54F3E26CA1CD300C6AC2A /* Resources */,
			);
			buildRules = (
			);
			dependencies = (
			);
			name = Declayout;
			productName = Declayout;
			productReference = 4FA54F4026CA1CD300C6AC2A /* Declayout.framework */;
			productType = "com.apple.product-type.framework";
		};
		4FA54F4826CA1CD300C6AC2A /* DeclayoutTests */ = {
			isa = PBXNativeTarget;
			buildConfigurationList = 4FA54F5726CA1CD300C6AC2A /* Build configuration list for PBXNativeTarget "DeclayoutTests" */;
			buildPhases = (
				4FA54F4526CA1CD300C6AC2A /* Sources */,
				4FA54F4626CA1CD300C6AC2A /* Frameworks */,
				4FA54F4726CA1CD300C6AC2A /* Resources */,
			);
			buildRules = (
			);
			dependencies = (
				4FA54F4C26CA1CD300C6AC2A /* PBXTargetDependency */,
			);
			name = DeclayoutTests;
			productName = DeclayoutTests;
			productReference = 4FA54F4926CA1CD300C6AC2A /* DeclayoutTests.xctest */;
			productType = "com.apple.product-type.bundle.unit-test";
		};
		4FA54F5D26CA1D6900C6AC2A /* Declayout-Example */ = {
			isa = PBXNativeTarget;
			buildConfigurationList = 4FA54F6F26CA1D6A00C6AC2A /* Build configuration list for PBXNativeTarget "Declayout-Example" */;
			buildPhases = (
				4FA54F5A26CA1D6900C6AC2A /* Sources */,
				4FA54F5B26CA1D6900C6AC2A /* Frameworks */,
				4FA54F5C26CA1D6900C6AC2A /* Resources */,
				4FA54F8626CA367900C6AC2A /* Embed Frameworks */,
			);
			buildRules = (
			);
			dependencies = (
				4FA54F8526CA367900C6AC2A /* PBXTargetDependency */,
			);
			name = "Declayout-Example";
			productName = "Declayout-Example";
			productReference = 4FA54F5E26CA1D6900C6AC2A /* Declayout-Example.app */;
			productType = "com.apple.product-type.application";
		};
/* End PBXNativeTarget section */

/* Begin PBXProject section */
		4FA54F3726CA1CD300C6AC2A /* Project object */ = {
			isa = PBXProject;
			attributes = {
				LastSwiftUpdateCheck = 1250;
				LastUpgradeCheck = 1250;
				TargetAttributes = {
					4FA54F3F26CA1CD300C6AC2A = {
						CreatedOnToolsVersion = 12.5.1;
						LastSwiftMigration = 1250;
					};
					4FA54F4826CA1CD300C6AC2A = {
						CreatedOnToolsVersion = 12.5.1;
					};
					4FA54F5D26CA1D6900C6AC2A = {
						CreatedOnToolsVersion = 12.5.1;
					};
				};
			};
			buildConfigurationList = 4FA54F3A26CA1CD300C6AC2A /* Build configuration list for PBXProject "Declayout" */;
			compatibilityVersion = "Xcode 9.3";
			developmentRegion = en;
			hasScannedForEncodings = 0;
			knownRegions = (
				en,
				Base,
			);
			mainGroup = 4FA54F3626CA1CD300C6AC2A;
			productRefGroup = 4FA54F4126CA1CD300C6AC2A /* Products */;
			projectDirPath = "";
			projectRoot = "";
			targets = (
				4FA54F3F26CA1CD300C6AC2A /* Declayout */,
				4FA54F4826CA1CD300C6AC2A /* DeclayoutTests */,
				4FA54F5D26CA1D6900C6AC2A /* Declayout-Example */,
			);
		};
/* End PBXProject section */

/* Begin PBXResourcesBuildPhase section */
		4FA54F3E26CA1CD300C6AC2A /* Resources */ = {
			isa = PBXResourcesBuildPhase;
			buildActionMask = 2147483647;
			files = (
			);
			runOnlyForDeploymentPostprocessing = 0;
		};
		4FA54F4726CA1CD300C6AC2A /* Resources */ = {
			isa = PBXResourcesBuildPhase;
			buildActionMask = 2147483647;
			files = (
			);
			runOnlyForDeploymentPostprocessing = 0;
		};
		4FA54F5C26CA1D6900C6AC2A /* Resources */ = {
			isa = PBXResourcesBuildPhase;
			buildActionMask = 2147483647;
			files = (
				4FA54F6D26CA1D6A00C6AC2A /* LaunchScreen.storyboard in Resources */,
				4FA54F6A26CA1D6A00C6AC2A /* Assets.xcassets in Resources */,
				4FA54F6826CA1D6900C6AC2A /* Main.storyboard in Resources */,
			);
			runOnlyForDeploymentPostprocessing = 0;
		};
/* End PBXResourcesBuildPhase section */

/* Begin PBXSourcesBuildPhase section */
		4FA54F3C26CA1CD300C6AC2A /* Sources */ = {
			isa = PBXSourcesBuildPhase;
			buildActionMask = 2147483647;
			files = (
				4FA54F7D26CA20F400C6AC2A /* Constraint.swift in Sources */,
				4FA54F7326CA1FD200C6AC2A /* UIView+Constraintable.swift in Sources */,
				4FA54F7526CA203E00C6AC2A /* UIView+Dimension.swift in Sources */,
				4FA54F7726CA207200C6AC2A /* UIView+Spacing.swift in Sources */,
				4FA54F7926CA209900C6AC2A /* UIView+Center.swift in Sources */,
			);
			runOnlyForDeploymentPostprocessing = 0;
		};
		4FA54F4526CA1CD300C6AC2A /* Sources */ = {
			isa = PBXSourcesBuildPhase;
			buildActionMask = 2147483647;
			files = (
				4FA54F4F26CA1CD300C6AC2A /* DeclayoutTests.swift in Sources */,
			);
			runOnlyForDeploymentPostprocessing = 0;
		};
		4FA54F5A26CA1D6900C6AC2A /* Sources */ = {
			isa = PBXSourcesBuildPhase;
			buildActionMask = 2147483647;
			files = (
				4FA54F6526CA1D6900C6AC2A /* ViewController.swift in Sources */,
				4FA54F6126CA1D6900C6AC2A /* AppDelegate.swift in Sources */,
				4FA54F6326CA1D6900C6AC2A /* SceneDelegate.swift in Sources */,
			);
			runOnlyForDeploymentPostprocessing = 0;
		};
/* End PBXSourcesBuildPhase section */

/* Begin PBXTargetDependency section */
		4FA54F4C26CA1CD300C6AC2A /* PBXTargetDependency */ = {
			isa = PBXTargetDependency;
			target = 4FA54F3F26CA1CD300C6AC2A /* Declayout */;
			targetProxy = 4FA54F4B26CA1CD300C6AC2A /* PBXContainerItemProxy */;
		};
		4FA54F8526CA367900C6AC2A /* PBXTargetDependency */ = {
			isa = PBXTargetDependency;
			target = 4FA54F3F26CA1CD300C6AC2A /* Declayout */;
			targetProxy = 4FA54F8426CA367900C6AC2A /* PBXContainerItemProxy */;
		};
/* End PBXTargetDependency section */

/* Begin PBXVariantGroup section */
		4FA54F6626CA1D6900C6AC2A /* Main.storyboard */ = {
			isa = PBXVariantGroup;
			children = (
				4FA54F6726CA1D6900C6AC2A /* Base */,
			);
			name = Main.storyboard;
			sourceTree = "<group>";
		};
		4FA54F6B26CA1D6A00C6AC2A /* LaunchScreen.storyboard */ = {
			isa = PBXVariantGroup;
			children = (
				4FA54F6C26CA1D6A00C6AC2A /* Base */,
			);
			name = LaunchScreen.storyboard;
			sourceTree = "<group>";
		};
/* End PBXVariantGroup section */

/* Begin XCBuildConfiguration section */
		4FA54F5226CA1CD300C6AC2A /* Debug */ = {
			isa = XCBuildConfiguration;
			buildSettings = {
				ALWAYS_SEARCH_USER_PATHS = NO;
				CLANG_ANALYZER_NONNULL = YES;
				CLANG_ANALYZER_NUMBER_OBJECT_CONVERSION = YES_AGGRESSIVE;
				CLANG_CXX_LANGUAGE_STANDARD = "gnu++14";
				CLANG_CXX_LIBRARY = "libc++";
				CLANG_ENABLE_MODULES = YES;
				CLANG_ENABLE_OBJC_ARC = YES;
				CLANG_ENABLE_OBJC_WEAK = YES;
				CLANG_WARN_BLOCK_CAPTURE_AUTORELEASING = YES;
				CLANG_WARN_BOOL_CONVERSION = YES;
				CLANG_WARN_COMMA = YES;
				CLANG_WARN_CONSTANT_CONVERSION = YES;
				CLANG_WARN_DEPRECATED_OBJC_IMPLEMENTATIONS = YES;
				CLANG_WARN_DIRECT_OBJC_ISA_USAGE = YES_ERROR;
				CLANG_WARN_DOCUMENTATION_COMMENTS = YES;
				CLANG_WARN_EMPTY_BODY = YES;
				CLANG_WARN_ENUM_CONVERSION = YES;
				CLANG_WARN_INFINITE_RECURSION = YES;
				CLANG_WARN_INT_CONVERSION = YES;
				CLANG_WARN_NON_LITERAL_NULL_CONVERSION = YES;
				CLANG_WARN_OBJC_IMPLICIT_RETAIN_SELF = YES;
				CLANG_WARN_OBJC_LITERAL_CONVERSION = YES;
				CLANG_WARN_OBJC_ROOT_CLASS = YES_ERROR;
				CLANG_WARN_QUOTED_INCLUDE_IN_FRAMEWORK_HEADER = YES;
				CLANG_WARN_RANGE_LOOP_ANALYSIS = YES;
				CLANG_WARN_STRICT_PROTOTYPES = YES;
				CLANG_WARN_SUSPICIOUS_MOVE = YES;
				CLANG_WARN_UNGUARDED_AVAILABILITY = YES_AGGRESSIVE;
				CLANG_WARN_UNREACHABLE_CODE = YES;
				CLANG_WARN__DUPLICATE_METHOD_MATCH = YES;
				COPY_PHASE_STRIP = NO;
				CURRENT_PROJECT_VERSION = 1;
				DEBUG_INFORMATION_FORMAT = dwarf;
				ENABLE_STRICT_OBJC_MSGSEND = YES;
				ENABLE_TESTABILITY = YES;
				GCC_C_LANGUAGE_STANDARD = gnu11;
				GCC_DYNAMIC_NO_PIC = NO;
				GCC_NO_COMMON_BLOCKS = YES;
				GCC_OPTIMIZATION_LEVEL = 0;
				GCC_PREPROCESSOR_DEFINITIONS = (
					"DEBUG=1",
					"$(inherited)",
				);
				GCC_WARN_64_TO_32_BIT_CONVERSION = YES;
				GCC_WARN_ABOUT_RETURN_TYPE = YES_ERROR;
				GCC_WARN_UNDECLARED_SELECTOR = YES;
				GCC_WARN_UNINITIALIZED_AUTOS = YES_AGGRESSIVE;
				GCC_WARN_UNUSED_FUNCTION = YES;
				GCC_WARN_UNUSED_VARIABLE = YES;
				IPHONEOS_DEPLOYMENT_TARGET = 14.5;
				MTL_ENABLE_DEBUG_INFO = INCLUDE_SOURCE;
				MTL_FAST_MATH = YES;
				ONLY_ACTIVE_ARCH = YES;
				SDKROOT = iphoneos;
				SWIFT_ACTIVE_COMPILATION_CONDITIONS = DEBUG;
				SWIFT_OPTIMIZATION_LEVEL = "-Onone";
				VERSIONING_SYSTEM = "apple-generic";
				VERSION_INFO_PREFIX = "";
			};
			name = Debug;
		};
		4FA54F5326CA1CD300C6AC2A /* Release */ = {
			isa = XCBuildConfiguration;
			buildSettings = {
				ALWAYS_SEARCH_USER_PATHS = NO;
				CLANG_ANALYZER_NONNULL = YES;
				CLANG_ANALYZER_NUMBER_OBJECT_CONVERSION = YES_AGGRESSIVE;
				CLANG_CXX_LANGUAGE_STANDARD = "gnu++14";
				CLANG_CXX_LIBRARY = "libc++";
				CLANG_ENABLE_MODULES = YES;
				CLANG_ENABLE_OBJC_ARC = YES;
				CLANG_ENABLE_OBJC_WEAK = YES;
				CLANG_WARN_BLOCK_CAPTURE_AUTORELEASING = YES;
				CLANG_WARN_BOOL_CONVERSION = YES;
				CLANG_WARN_COMMA = YES;
				CLANG_WARN_CONSTANT_CONVERSION = YES;
				CLANG_WARN_DEPRECATED_OBJC_IMPLEMENTATIONS = YES;
				CLANG_WARN_DIRECT_OBJC_ISA_USAGE = YES_ERROR;
				CLANG_WARN_DOCUMENTATION_COMMENTS = YES;
				CLANG_WARN_EMPTY_BODY = YES;
				CLANG_WARN_ENUM_CONVERSION = YES;
				CLANG_WARN_INFINITE_RECURSION = YES;
				CLANG_WARN_INT_CONVERSION = YES;
				CLANG_WARN_NON_LITERAL_NULL_CONVERSION = YES;
				CLANG_WARN_OBJC_IMPLICIT_RETAIN_SELF = YES;
				CLANG_WARN_OBJC_LITERAL_CONVERSION = YES;
				CLANG_WARN_OBJC_ROOT_CLASS = YES_ERROR;
				CLANG_WARN_QUOTED_INCLUDE_IN_FRAMEWORK_HEADER = YES;
				CLANG_WARN_RANGE_LOOP_ANALYSIS = YES;
				CLANG_WARN_STRICT_PROTOTYPES = YES;
				CLANG_WARN_SUSPICIOUS_MOVE = YES;
				CLANG_WARN_UNGUARDED_AVAILABILITY = YES_AGGRESSIVE;
				CLANG_WARN_UNREACHABLE_CODE = YES;
				CLANG_WARN__DUPLICATE_METHOD_MATCH = YES;
				COPY_PHASE_STRIP = NO;
				CURRENT_PROJECT_VERSION = 1;
				DEBUG_INFORMATION_FORMAT = "dwarf-with-dsym";
				ENABLE_NS_ASSERTIONS = NO;
				ENABLE_STRICT_OBJC_MSGSEND = YES;
				GCC_C_LANGUAGE_STANDARD = gnu11;
				GCC_NO_COMMON_BLOCKS = YES;
				GCC_WARN_64_TO_32_BIT_CONVERSION = YES;
				GCC_WARN_ABOUT_RETURN_TYPE = YES_ERROR;
				GCC_WARN_UNDECLARED_SELECTOR = YES;
				GCC_WARN_UNINITIALIZED_AUTOS = YES_AGGRESSIVE;
				GCC_WARN_UNUSED_FUNCTION = YES;
				GCC_WARN_UNUSED_VARIABLE = YES;
				IPHONEOS_DEPLOYMENT_TARGET = 14.5;
				MTL_ENABLE_DEBUG_INFO = NO;
				MTL_FAST_MATH = YES;
				SDKROOT = iphoneos;
				SWIFT_COMPILATION_MODE = wholemodule;
				SWIFT_OPTIMIZATION_LEVEL = "-O";
				VALIDATE_PRODUCT = YES;
				VERSIONING_SYSTEM = "apple-generic";
				VERSION_INFO_PREFIX = "";
			};
			name = Release;
		};
		4FA54F5526CA1CD300C6AC2A /* Debug */ = {
			isa = XCBuildConfiguration;
			buildSettings = {
				CLANG_ENABLE_MODULES = YES;
				CODE_SIGN_STYLE = Automatic;
				DEFINES_MODULE = YES;
				DEVELOPMENT_TEAM = 296RF6QMS7;
				DYLIB_COMPATIBILITY_VERSION = 1;
				DYLIB_CURRENT_VERSION = 1;
				DYLIB_INSTALL_NAME_BASE = "@rpath";
				INFOPLIST_FILE = Declayout/Info.plist;
				INSTALL_PATH = "$(LOCAL_LIBRARY_DIR)/Frameworks";
				IPHONEOS_DEPLOYMENT_TARGET = 11.0;
				LD_RUNPATH_SEARCH_PATHS = (
					"$(inherited)",
					"@executable_path/Frameworks",
					"@loader_path/Frameworks",
				);
				PRODUCT_BUNDLE_IDENTIFIER = com.overheardswift.Declayout;
				PRODUCT_NAME = "$(TARGET_NAME:c99extidentifier)";
				SKIP_INSTALL = YES;
				SWIFT_OPTIMIZATION_LEVEL = "-Onone";
				SWIFT_VERSION = 5.0;
				TARGETED_DEVICE_FAMILY = "1,2";
			};
			name = Debug;
		};
		4FA54F5626CA1CD300C6AC2A /* Release */ = {
			isa = XCBuildConfiguration;
			buildSettings = {
				CLANG_ENABLE_MODULES = YES;
				CODE_SIGN_STYLE = Automatic;
				DEFINES_MODULE = YES;
				DEVELOPMENT_TEAM = 296RF6QMS7;
				DYLIB_COMPATIBILITY_VERSION = 1;
				DYLIB_CURRENT_VERSION = 1;
				DYLIB_INSTALL_NAME_BASE = "@rpath";
				INFOPLIST_FILE = Declayout/Info.plist;
				INSTALL_PATH = "$(LOCAL_LIBRARY_DIR)/Frameworks";
				IPHONEOS_DEPLOYMENT_TARGET = 11.0;
				LD_RUNPATH_SEARCH_PATHS = (
					"$(inherited)",
					"@executable_path/Frameworks",
					"@loader_path/Frameworks",
				);
				PRODUCT_BUNDLE_IDENTIFIER = com.overheardswift.Declayout;
				PRODUCT_NAME = "$(TARGET_NAME:c99extidentifier)";
				SKIP_INSTALL = YES;
				SWIFT_VERSION = 5.0;
				TARGETED_DEVICE_FAMILY = "1,2";
			};
			name = Release;
		};
		4FA54F5826CA1CD300C6AC2A /* Debug */ = {
			isa = XCBuildConfiguration;
			buildSettings = {
				ALWAYS_EMBED_SWIFT_STANDARD_LIBRARIES = YES;
				CODE_SIGN_STYLE = Automatic;
				DEVELOPMENT_TEAM = 296RF6QMS7;
				INFOPLIST_FILE = DeclayoutTests/Info.plist;
				LD_RUNPATH_SEARCH_PATHS = (
					"$(inherited)",
					"@executable_path/Frameworks",
					"@loader_path/Frameworks",
				);
				PRODUCT_BUNDLE_IDENTIFIER = com.overheardswift.DeclayoutTests;
				PRODUCT_NAME = "$(TARGET_NAME)";
				SWIFT_VERSION = 5.0;
				TARGETED_DEVICE_FAMILY = "1,2";
			};
			name = Debug;
		};
		4FA54F5926CA1CD300C6AC2A /* Release */ = {
			isa = XCBuildConfiguration;
			buildSettings = {
				ALWAYS_EMBED_SWIFT_STANDARD_LIBRARIES = YES;
				CODE_SIGN_STYLE = Automatic;
				DEVELOPMENT_TEAM = 296RF6QMS7;
				INFOPLIST_FILE = DeclayoutTests/Info.plist;
				LD_RUNPATH_SEARCH_PATHS = (
					"$(inherited)",
					"@executable_path/Frameworks",
					"@loader_path/Frameworks",
				);
				PRODUCT_BUNDLE_IDENTIFIER = com.overheardswift.DeclayoutTests;
				PRODUCT_NAME = "$(TARGET_NAME)";
				SWIFT_VERSION = 5.0;
				TARGETED_DEVICE_FAMILY = "1,2";
			};
			name = Release;
		};
		4FA54F7026CA1D6A00C6AC2A /* Debug */ = {
			isa = XCBuildConfiguration;
			buildSettings = {
				ASSETCATALOG_COMPILER_APPICON_NAME = AppIcon;
				ASSETCATALOG_COMPILER_GLOBAL_ACCENT_COLOR_NAME = AccentColor;
				CODE_SIGN_STYLE = Automatic;
				DEVELOPMENT_TEAM = 296RF6QMS7;
				INFOPLIST_FILE = "Declayout-Example/Info.plist";
				IPHONEOS_DEPLOYMENT_TARGET = 13.0;
				LD_RUNPATH_SEARCH_PATHS = (
					"$(inherited)",
					"@executable_path/Frameworks",
				);
				PRODUCT_BUNDLE_IDENTIFIER = "com.overheardswift.Declayout-Example";
				PRODUCT_NAME = "$(TARGET_NAME)";
				SWIFT_VERSION = 5.0;
				TARGETED_DEVICE_FAMILY = "1,2";
			};
			name = Debug;
		};
		4FA54F7126CA1D6A00C6AC2A /* Release */ = {
			isa = XCBuildConfiguration;
			buildSettings = {
				ASSETCATALOG_COMPILER_APPICON_NAME = AppIcon;
				ASSETCATALOG_COMPILER_GLOBAL_ACCENT_COLOR_NAME = AccentColor;
				CODE_SIGN_STYLE = Automatic;
				DEVELOPMENT_TEAM = 296RF6QMS7;
				INFOPLIST_FILE = "Declayout-Example/Info.plist";
				IPHONEOS_DEPLOYMENT_TARGET = 13.0;
				LD_RUNPATH_SEARCH_PATHS = (
					"$(inherited)",
					"@executable_path/Frameworks",
				);
				PRODUCT_BUNDLE_IDENTIFIER = "com.overheardswift.Declayout-Example";
				PRODUCT_NAME = "$(TARGET_NAME)";
				SWIFT_VERSION = 5.0;
				TARGETED_DEVICE_FAMILY = "1,2";
			};
			name = Release;
		};
/* End XCBuildConfiguration section */

/* Begin XCConfigurationList section */
		4FA54F3A26CA1CD300C6AC2A /* Build configuration list for PBXProject "Declayout" */ = {
			isa = XCConfigurationList;
			buildConfigurations = (
				4FA54F5226CA1CD300C6AC2A /* Debug */,
				4FA54F5326CA1CD300C6AC2A /* Release */,
			);
			defaultConfigurationIsVisible = 0;
			defaultConfigurationName = Release;
		};
		4FA54F5426CA1CD300C6AC2A /* Build configuration list for PBXNativeTarget "Declayout" */ = {
			isa = XCConfigurationList;
			buildConfigurations = (
				4FA54F5526CA1CD300C6AC2A /* Debug */,
				4FA54F5626CA1CD300C6AC2A /* Release */,
			);
			defaultConfigurationIsVisible = 0;
			defaultConfigurationName = Release;
		};
		4FA54F5726CA1CD300C6AC2A /* Build configuration list for PBXNativeTarget "DeclayoutTests" */ = {
			isa = XCConfigurationList;
			buildConfigurations = (
				4FA54F5826CA1CD300C6AC2A /* Debug */,
				4FA54F5926CA1CD300C6AC2A /* Release */,
			);
			defaultConfigurationIsVisible = 0;
			defaultConfigurationName = Release;
		};
		4FA54F6F26CA1D6A00C6AC2A /* Build configuration list for PBXNativeTarget "Declayout-Example" */ = {
			isa = XCConfigurationList;
			buildConfigurations = (
				4FA54F7026CA1D6A00C6AC2A /* Debug */,
				4FA54F7126CA1D6A00C6AC2A /* Release */,
			);
			defaultConfigurationIsVisible = 0;
			defaultConfigurationName = Release;
		};
/* End XCConfigurationList section */
	};
	rootObject = 4FA54F3726CA1CD300C6AC2A /* Project object */;
}
